// !$*UTF8*$!
{
	archiveVersion = 1;
	classes = {
	};
	objectVersion = 46;
	objects = {

/* Begin PBXBuildFile section */
		6ED370DB1C77BDCA00665E7C /* AppDelegate.swift in Sources */ = {isa = PBXBuildFile; fileRef = 6ED370DA1C77BDCA00665E7C /* AppDelegate.swift */; };
		6ED370DD1C77BDCA00665E7C /* ViewController.swift in Sources */ = {isa = PBXBuildFile; fileRef = 6ED370DC1C77BDCA00665E7C /* ViewController.swift */; };
		6ED370E01C77BDCA00665E7C /* Main.storyboard in Resources */ = {isa = PBXBuildFile; fileRef = 6ED370DE1C77BDCA00665E7C /* Main.storyboard */; };
		6ED370E21C77BDCA00665E7C /* Assets.xcassets in Resources */ = {isa = PBXBuildFile; fileRef = 6ED370E11C77BDCA00665E7C /* Assets.xcassets */; };
		6ED370E51C77BDCA00665E7C /* LaunchScreen.storyboard in Resources */ = {isa = PBXBuildFile; fileRef = 6ED370E31C77BDCA00665E7C /* LaunchScreen.storyboard */; };
/* End PBXBuildFile section */

/* Begin PBXFileReference section */
		6ED370D71C77BDCA00665E7C /* HidingImage.app */ = {isa = PBXFileReference; explicitFileType = wrapper.application; includeInIndex = 0; path = HidingImage.app; sourceTree = BUILT_PRODUCTS_DIR; };
		6ED370DA1C77BDCA00665E7C /* AppDelegate.swift */ = {isa = PBXFileReference; lastKnownFileType = sourcecode.swift; path = AppDelegate.swift; sourceTree = "<group>"; };
		6ED370DC1C77BDCA00665E7C /* ViewController.swift */ = {isa = PBXFileReference; lastKnownFileType = sourcecode.swift; path = ViewController.swift; sourceTree = "<group>"; };
		6ED370DF1C77BDCA00665E7C /* Base */ = {isa = PBXFileReference; lastKnownFileType = file.storyboard; name = Base; path = Base.lproj/Main.storyboard; sourceTree = "<group>"; };
		6ED370E11C77BDCA00665E7C /* Assets.xcassets */ = {isa = PBXFileReference; lastKnownFileType = folder.assetcatalog; path = Assets.xcassets; sourceTree = "<group>"; };
		6ED370E41C77BDCA00665E7C /* Base */ = {isa = PBXFileReference; lastKnownFileType = file.storyboard; name = Base; path = Base.lproj/LaunchScreen.storyboard; sourceTree = "<group>"; };
		6ED370E61C77BDCA00665E7C /* Info.plist */ = {isa = PBXFileReference; lastKnownFileType = text.plist.xml; path = Info.plist; sourceTree = "<group>"; };
/* End PBXFileReference section */

/* Begin PBXFrameworksBuildPhase section */
		6ED370D41C77BDCA00665E7C /* Frameworks */ = {
			isa = PBXFrameworksBuildPhase;
			buildActionMask = 2147483647;
			files = (
			);
			runOnlyForDeploymentPostprocessing = 0;
		};
/* End PBXFrameworksBuildPhase section */

/* Begin PBXGroup section */
		6ED370CE1C77BDCA00665E7C = {
			isa = PBXGroup;
			children = (
				6ED370D91C77BDCA00665E7C /* HidingImage */,
				6ED370D81C77BDCA00665E7C /* Products */,
			);
			sourceTree = "<group>";
		};
		6ED370D81C77BDCA00665E7C /* Products */ = {
			isa = PBXGroup;
			children = (
				6ED370D71C77BDCA00665E7C /* HidingImage.app */,
			);
			name = Products;
			sourceTree = "<group>";
		};
		6ED370D91C77BDCA00665E7C /* HidingImage */ = {
			isa = PBXGroup;
			children = (
				6ED370DA1C77BDCA00665E7C /* AppDelegate.swift */,
				6ED370DC1C77BDCA00665E7C /* ViewController.swift */,
				6ED370DE1C77BDCA00665E7C /* Main.storyboard */,
				6ED370E11C77BDCA00665E7C /* Assets.xcassets */,
				6ED370E31C77BDCA00665E7C /* LaunchScreen.storyboard */,
				6ED370E61C77BDCA00665E7C /* Info.plist */,
			);
			path = HidingImage;
			sourceTree = "<group>";
		};
/* End PBXGroup section */

/* Begin PBXNativeTarget section */
		6ED370D61C77BDCA00665E7C /* HidingImage */ = {
			isa = PBXNativeTarget;
			buildConfigurationList = 6ED370E91C77BDCA00665E7C /* Build configuration list for PBXNativeTarget "HidingImage" */;
			buildPhases = (
				6ED370D31C77BDCA00665E7C /* Sources */,
				6ED370D41C77BDCA00665E7C /* Frameworks */,
				6ED370D51C77BDCA00665E7C /* Resources */,
			);
			buildRules = (
			);
			dependencies = (
			);
			name = HidingImage;
			productName = HidingImage;
			productReference = 6ED370D71C77BDCA00665E7C /* HidingImage.app */;
			productType = "com.apple.product-type.application";
		};
/* End PBXNativeTarget section */

/* Begin PBXProject section */
		6ED370CF1C77BDCA00665E7C /* Project object */ = {
			isa = PBXProject;
			attributes = {
				LastSwiftUpdateCheck = 0720;
				LastUpgradeCheck = 0720;
				ORGANIZATIONNAME = "Michelle Lee";
				TargetAttributes = {
					6ED370D61C77BDCA00665E7C = {
						CreatedOnToolsVersion = 7.2.1;
					};
				};
			};
			buildConfigurationList = 6ED370D21C77BDCA00665E7C /* Build configuration list for PBXProject "HidingImage" */;
			compatibilityVersion = "Xcode 3.2";
			developmentRegion = English;
			hasScannedForEncodings = 0;
			knownRegions = (
				en,
				Base,
			);
			mainGroup = 6ED370CE1C77BDCA00665E7C;
			productRefGroup = 6ED370D81C77BDCA00665E7C /* Products */;
			projectDirPath = "";
			projectRoot = "";
			targets = (
				6ED370D61C77BDCA00665E7C /* HidingImage */,
			);
		};
/* End PBXProject section */

/* Begin PBXResourcesBuildPhase section */
		6ED370D51C77BDCA00665E7C /* Resources */ = {
			isa = PBXResourcesBuildPhase;
			buildActionMask = 2147483647;
			files = (
				6ED370E51C77BDCA00665E7C /* LaunchScreen.storyboard in Resources */,
				6ED370E21C77BDCA00665E7C /* Assets.xcassets in Resources */,
				6ED370E01C77BDCA00665E7C /* Main.storyboard in Resources */,
			);
			runOnlyForDeploymentPostprocessing = 0;
		};
/* End PBXResourcesBuildPhase section */

/* Begin PBXSourcesBuildPhase section */
		6ED370D31C77BDCA00665E7C /* Sources */ = {
			isa = PBXSourcesBuildPhase;
			buildActionMask = 2147483647;
			files = (
				6ED370DD1C77BDCA00665E7C /* ViewController.swift in Sources */,
				6ED370DB1C77BDCA00665E7C /* AppDelegate.swift in Sources */,
			);
			runOnlyForDeploymentPostprocessing = 0;
		};
/* End PBXSourcesBuildPhase section */

/* Begin PBXVariantGroup section */
		6ED370DE1C77BDCA00665E7C /* Main.storyboard */ = {
			isa = PBXVariantGroup;
			children = (
				6ED370DF1C77BDCA00665E7C /* Base */,
			);
			name = Main.storyboard;
			sourceTree = "<group>";
		};
		6ED370E31C77BDCA00665E7C /* LaunchScreen.storyboard */ = {
			isa = PBXVariantGroup;
			children = (
				6ED370E41C77BDCA00665E7C /* Base */,
			);
			name = LaunchScreen.storyboard;
			sourceTree = "<group>";
		};
/* End PBXVariantGroup section */

/* Begin XCBuildConfiguration section */
		6ED370E71C77BDCA00665E7C /* Debug */ = {
			isa = XCBuildConfiguration;
			buildSettings = {
				ALWAYS_SEARCH_USER_PATHS = NO;
				CLANG_CXX_LANGUAGE_STANDARD = "gnu++0x";
				CLANG_CXX_LIBRARY = "libc++";
				CLANG_ENABLE_MODULES = YES;
				CLANG_ENABLE_OBJC_ARC = YES;
				CLANG_WARN_BOOL_CONVERSION = YES;
				CLANG_WARN_CONSTANT_CONVERSION = YES;
				CLANG_WARN_DIRECT_OBJC_ISA_USAGE = YES_ERROR;
				CLANG_WARN_EMPTY_BODY = YES;
				CLANG_WARN_ENUM_CONVERSION = YES;
				CLANG_WARN_INT_CONVERSION = YES;
				CLANG_WARN_OBJC_ROOT_CLASS = YES_ERROR;
				CLANG_WARN_UNREACHABLE_CODE = YES;
				CLANG_WARN__DUPLICATE_METHOD_MATCH = YES;
				"CODE_SIGN_IDENTITY[sdk=iphoneos*]" = "iPhone Developer";
				COPY_PHASE_STRIP = NO;
				DEBUG_INFORMATION_FORMAT = dwarf;
				ENABLE_STRICT_OBJC_MSGSEND = YES;
				ENABLE_TESTABILITY = YES;
				GCC_C_LANGUAGE_STANDARD = gnu99;
				GCC_DYNAMIC_NO_PIC = NO;
				GCC_NO_COMMON_BLOCKS = YES;
				GCC_OPTIMIZATION_LEVEL = 0;
				GCC_PREPROCESSOR_DEFINITIONS = (
					"DEBUG=1",
					"$(inherited)",
				);
				GCC_WARN_64_TO_32_BIT_CONVERSION = YES;
				GCC_WARN_ABOUT_RETURN_TYPE = YES_ERROR;
				GCC_WARN_UNDECLARED_SELECTOR = YES;
				GCC_WARN_UNINITIALIZED_AUTOS = YES_AGGRESSIVE;
				GCC_WARN_UNUSED_FUNCTION = YES;
				GCC_WARN_UNUSED_VARIABLE = YES;
				IPHONEOS_DEPLOYMENT_TARGET = 9.2;
				MTL_ENABLE_DEBUG_INFO = YES;
				ONLY_ACTIVE_ARCH = YES;
				SDKROOT = iphoneos;
				SWIFT_OPTIMIZATION_LEVEL = "-Onone";
			};
			name = Debug;
		};
		6ED370E81C77BDCA00665E7C /* Release */ = {
			isa = XCBuildConfiguration;
			buildSettings = {
				ALWAYS_SEARCH_USER_PATHS = NO;
				CLANG_CXX_LANGUAGE_STANDARD = "gnu++0x";
				CLANG_CXX_LIBRARY = "libc++";
				CLANG_ENABLE_MODULES = YES;
				CLANG_ENABLE_OBJC_ARC = YES;
				CLANG_WARN_BOOL_CONVERSION = YES;
				CLANG_WARN_CONSTANT_CONVERSION = YES;
				CLANG_WARN_DIRECT_OBJC_ISA_USAGE = YES_ERROR;
				CLANG_WARN_EMPTY_BODY = YES;
				CLANG_WARN_ENUM_CONVERSION = YES;
				CLANG_WARN_INT_CONVERSION = YES;
				CLANG_WARN_OBJC_ROOT_CLASS = YES_ERROR;
				CLANG_WARN_UNREACHABLE_CODE = YES;
				CLANG_WARN__DUPLICATE_METHOD_MATCH = YES;
				"CODE_SIGN_IDENTITY[sdk=iphoneos*]" = "iPhone Developer";
				COPY_PHASE_STRIP = NO;
				DEBUG_INFORMATION_FORMAT = "dwarf-with-dsym";
				ENABLE_NS_ASSERTIONS = NO;
				ENABLE_STRICT_OBJC_MSGSEND = YES;
				GCC_C_LANGUAGE_STANDARD = gnu99;
				GCC_NO_COMMON_BLOCKS = YES;
				GCC_WARN_64_TO_32_BIT_CONVERSION = YES;
				GCC_WARN_ABOUT_RETURN_TYPE = YES_ERROR;
				GCC_WARN_UNDECLARED_SELECTOR = YES;
				GCC_WARN_UNINITIALIZED_AUTOS = YES_AGGRESSIVE;
				GCC_WARN_UNUSED_FUNCTION = YES;
				GCC_WARN_UNUSED_VARIABLE = YES;
				IPHONEOS_DEPLOYMENT_TARGET = 9.2;
				MTL_ENABLE_DEBUG_INFO = NO;
				SDKROOT = iphoneos;
				VALIDATE_PRODUCT = YES;
			};
			name = Release;
		};
		6ED370EA1C77BDCA00665E7C /* Debug */ = {
			isa = XCBuildConfiguration;
			buildSettings = {
				ASSETCATALOG_COMPILER_APPICON_NAME = AppIcon;
				INFOPLIST_FILE = HidingImage/Info.plist;
				LD_RUNPATH_SEARCH_PATHS = "$(inherited) @executable_path/Frameworks";
				PRODUCT_BUNDLE_IDENTIFIER = com.Michelle.HidingImage;
				PRODUCT_NAME = "$(TARGET_NAME)";
			};
			name = Debug;
		};
		6ED370EB1C77BDCA00665E7C /* Release */ = {
			isa = XCBuildConfiguration;
			buildSettings = {
				ASSETCATALOG_COMPILER_APPICON_NAME = AppIcon;
				INFOPLIST_FILE = HidingImage/Info.plist;
				LD_RUNPATH_SEARCH_PATHS = "$(inherited) @executable_path/Frameworks";
				PRODUCT_BUNDLE_IDENTIFIER = com.Michelle.HidingImage;
				PRODUCT_NAME = "$(TARGET_NAME)";
			};
			name = Release;
		};
/* End XCBuildConfiguration section */

/* Begin XCConfigurationList section */
		6ED370D21C77BDCA00665E7C /* Build configuration list for PBXProject "HidingImage" */ = {
			isa = XCConfigurationList;
			buildConfigurations = (
				6ED370E71C77BDCA00665E7C /* Debug */,
				6ED370E81C77BDCA00665E7C /* Release */,
			);
			defaultConfigurationIsVisible = 0;
			defaultConfigurationName = Release;
		};
		6ED370E91C77BDCA00665E7C /* Build configuration list for PBXNativeTarget "HidingImage" */ = {
			isa = XCConfigurationList;
			buildConfigurations = (
				6ED370EA1C77BDCA00665E7C /* Debug */,
				6ED370EB1C77BDCA00665E7C /* Release */,
			);
			defaultConfigurationIsVisible = 0;
		};
/* End XCConfigurationList section */
	};
	rootObject = 6ED370CF1C77BDCA00665E7C /* Project object */;
}
